PackratFormat: 1.4
PackratVersion: 0.5.0
RVersion: 4.0.1
Repos: CRAN=https://cran.rstudio.com/,
    BioCsoft=https://bioconductor.org/packages/3.11/bioc,
    BioCann=https://bioconductor.org/packages/3.11/data/annotation,
    BioCexp=https://bioconductor.org/packages/3.11/data/experiment,
    CRANextra=https://www.stats.ox.ac.uk/pub/RWin

Package: packrat
Source: CRAN
Version: 0.5.0
Hash: 498643e765d1442ba7b1160a1df3abf9
